
Microsoft Visual Studio Solution File, Format Version 12.00
# Visual Studio Version 16
VisualStudioVersion = 16.0.29709.97
MinimumVisualStudioVersion = 10.0.40219.1
Project("{9A19103F-16F7-4668-BE54-9A1E7A4F7556}") = "Apicalypse.DotNet", "Apicalypse.DotNet\Apicalypse.DotNet.csproj", "{72F97196-CD6E-46B6-83A7-7C766564E2E8}"
EndProject
Project("{9A19103F-16F7-4668-BE54-9A1E7A4F7556}") = "Apicalypse.DotNet.Tests", "Apicalypse.DotNet.Tests\Apicalypse.DotNet.Tests.csproj", "{CD831B36-5968-4386-A4C2-3B22608FAA08}"
EndProject
Global
	GlobalSection(SolutionConfigurationPlatforms) = preSolution
		Debug|Any CPU = Debug|Any CPU
		Release|Any CPU = Release|Any CPU
	EndGlobalSection
	GlobalSection(ProjectConfigurationPlatforms) = postSolution
		{72F97196-CD6E-46B6-83A7-7C766564E2E8}.Debug|Any CPU.ActiveCfg = Debug|Any CPU
		{72F97196-CD6E-46B6-83A7-7C766564E2E8}.Debug|Any CPU.Build.0 = Debug|Any CPU
		{72F97196-CD6E-46B6-83A7-7C766564E2E8}.Release|Any CPU.ActiveCfg = Release|Any CPU
		{72F97196-CD6E-46B6-83A7-7C766564E2E8}.Release|Any CPU.Build.0 = Release|Any CPU
		{CD831B36-5968-4386-A4C2-3B22608FAA08}.Debug|Any CPU.ActiveCfg = Debug|Any CPU
		{CD831B36-5968-4386-A4C2-3B22608FAA08}.Debug|Any CPU.Build.0 = Debug|Any CPU
		{CD831B36-5968-4386-A4C2-3B22608FAA08}.Release|Any CPU.ActiveCfg = Release|Any CPU
		{CD831B36-5968-4386-A4C2-3B22608FAA08}.Release|Any CPU.Build.0 = Release|Any CPU
	EndGlobalSection
	GlobalSection(SolutionProperties) = preSolution
		HideSolutionNode = FALSE
	EndGlobalSection
	GlobalSection(ExtensibilityGlobals) = postSolution
		SolutionGuid = {18E7BAD6-3C98-48E4-92D6-21F853E090F2}
	EndGlobalSection
EndGlobal
